
Microsoft Visual Studio Solution File, Format Version 12.00
# Visual Studio 15
Project("{FAE04EC0-301F-11D3-BF4B-00C04F79EFBC}") = "Assembly-CSharp", "Assembly-CSharp.csproj", "{5392DD7B-9111-8D2F-BF12-CB0FA53FFAC5}"
EndProject
Project("{FAE04EC0-301F-11D3-BF4B-00C04F79EFBC}") = "Assembly-CSharp-Editor", "Assembly-CSharp-Editor.csproj", "{95600296-DBDA-BA22-3E5E-FE5163F58FDF}"
EndProject
Global
	GlobalSection(SolutionConfigurationPlatforms) = preSolution
		Debug|Any CPU = Debug|Any CPU
		Release|Any CPU = Release|Any CPU
	EndGlobalSection
	GlobalSection(ProjectConfigurationPlatforms) = postSolution
		{5392DD7B-9111-8D2F-BF12-CB0FA53FFAC5}.Debug|Any CPU.ActiveCfg = Debug|Any CPU
		{5392DD7B-9111-8D2F-BF12-CB0FA53FFAC5}.Debug|Any CPU.Build.0 = Debug|Any CPU
		{5392DD7B-9111-8D2F-BF12-CB0FA53FFAC5}.Release|Any CPU.ActiveCfg = Release|Any CPU
		{5392DD7B-9111-8D2F-BF12-CB0FA53FFAC5}.Release|Any CPU.Build.0 = Release|Any CPU
		{95600296-DBDA-BA22-3E5E-FE5163F58FDF}.Debug|Any CPU.ActiveCfg = Debug|Any CPU
		{95600296-DBDA-BA22-3E5E-FE5163F58FDF}.Debug|Any CPU.Build.0 = Debug|Any CPU
		{95600296-DBDA-BA22-3E5E-FE5163F58FDF}.Release|Any CPU.ActiveCfg = Release|Any CPU
		{95600296-DBDA-BA22-3E5E-FE5163F58FDF}.Release|Any CPU.Build.0 = Release|Any CPU
	EndGlobalSection
	GlobalSection(SolutionProperties) = preSolution
		HideSolutionNode = FALSE
	EndGlobalSection
EndGlobal
